
Microsoft Visual Studio Solution File, Format Version 12.00
# Visual Studio Version 17
VisualStudioVersion = 17.12.35707.178 d17.12
MinimumVisualStudioVersion = 10.0.40219.1
Project("{FAE04EC0-301F-11D3-BF4B-00C04F79EFBC}") = "Esfsg.API", "Esfsg.API\Esfsg.API.csproj", "{1970E1E8-5BCE-492C-B2D3-236C98752099}"
EndProject
Project("{FAE04EC0-301F-11D3-BF4B-00C04F79EFBC}") = "Esfsg.Application", "Esfsg.Application\Esfsg.Application.csproj", "{E5AFB49D-096C-4F15-8452-3639336D153C}"
EndProject
Project("{FAE04EC0-301F-11D3-BF4B-00C04F79EFBC}") = "Esfsg.Domain", "Esfsg.Domain\Esfsg.Domain.csproj", "{0C4F1C76-D335-4B25-816C-82BBE1FA048F}"
EndProject
Project("{FAE04EC0-301F-11D3-BF4B-00C04F79EFBC}") = "Esfsg.Infra.CrossCutting.IoC", "Esfsg.Infra.CrossCutting.IoC\Esfsg.Infra.CrossCutting.IoC.csproj", "{39F4BC96-CF32-47BE-A788-3295DE7EE7DC}"
EndProject
Project("{FAE04EC0-301F-11D3-BF4B-00C04F79EFBC}") = "Esfsg.Infra.Data", "Esfsg.Infra.CrossCutting.Data\Esfsg.Infra.Data.csproj", "{071C06BF-7E9F-4410-BA0C-BF6787EBDA3A}"
EndProject
Global
	GlobalSection(SolutionConfigurationPlatforms) = preSolution
		Debug|Any CPU = Debug|Any CPU
		Release|Any CPU = Release|Any CPU
	EndGlobalSection
	GlobalSection(ProjectConfigurationPlatforms) = postSolution
		{1970E1E8-5BCE-492C-B2D3-236C98752099}.Debug|Any CPU.ActiveCfg = Debug|Any CPU
		{1970E1E8-5BCE-492C-B2D3-236C98752099}.Debug|Any CPU.Build.0 = Debug|Any CPU
		{1970E1E8-5BCE-492C-B2D3-236C98752099}.Release|Any CPU.ActiveCfg = Release|Any CPU
		{1970E1E8-5BCE-492C-B2D3-236C98752099}.Release|Any CPU.Build.0 = Release|Any CPU
		{E5AFB49D-096C-4F15-8452-3639336D153C}.Debug|Any CPU.ActiveCfg = Debug|Any CPU
		{E5AFB49D-096C-4F15-8452-3639336D153C}.Debug|Any CPU.Build.0 = Debug|Any CPU
		{E5AFB49D-096C-4F15-8452-3639336D153C}.Release|Any CPU.ActiveCfg = Release|Any CPU
		{E5AFB49D-096C-4F15-8452-3639336D153C}.Release|Any CPU.Build.0 = Release|Any CPU
		{0C4F1C76-D335-4B25-816C-82BBE1FA048F}.Debug|Any CPU.ActiveCfg = Debug|Any CPU
		{0C4F1C76-D335-4B25-816C-82BBE1FA048F}.Debug|Any CPU.Build.0 = Debug|Any CPU
		{0C4F1C76-D335-4B25-816C-82BBE1FA048F}.Release|Any CPU.ActiveCfg = Release|Any CPU
		{0C4F1C76-D335-4B25-816C-82BBE1FA048F}.Release|Any CPU.Build.0 = Release|Any CPU
		{39F4BC96-CF32-47BE-A788-3295DE7EE7DC}.Debug|Any CPU.ActiveCfg = Debug|Any CPU
		{39F4BC96-CF32-47BE-A788-3295DE7EE7DC}.Debug|Any CPU.Build.0 = Debug|Any CPU
		{39F4BC96-CF32-47BE-A788-3295DE7EE7DC}.Release|Any CPU.ActiveCfg = Release|Any CPU
		{39F4BC96-CF32-47BE-A788-3295DE7EE7DC}.Release|Any CPU.Build.0 = Release|Any CPU
		{071C06BF-7E9F-4410-BA0C-BF6787EBDA3A}.Debug|Any CPU.ActiveCfg = Debug|Any CPU
		{071C06BF-7E9F-4410-BA0C-BF6787EBDA3A}.Debug|Any CPU.Build.0 = Debug|Any CPU
		{071C06BF-7E9F-4410-BA0C-BF6787EBDA3A}.Release|Any CPU.ActiveCfg = Release|Any CPU
		{071C06BF-7E9F-4410-BA0C-BF6787EBDA3A}.Release|Any CPU.Build.0 = Release|Any CPU
	EndGlobalSection
	GlobalSection(SolutionProperties) = preSolution
		HideSolutionNode = FALSE
	EndGlobalSection
EndGlobal
